// !$*UTF8*$!
{
	archiveVersion = 1;
	classes = {
	};
	objectVersion = 56;
	objects = {

/* Begin PBXBuildFile section */
		6C214A1C29BEA65E00540AF6 /* AppDelegate.swift in Sources */ = {isa = PBXBuildFile; fileRef = 6C214A1B29BEA65E00540AF6 /* AppDelegate.swift */; };
		6C214A1E29BEA65E00540AF6 /* SceneDelegate.swift in Sources */ = {isa = PBXBuildFile; fileRef = 6C214A1D29BEA65E00540AF6 /* SceneDelegate.swift */; };
		6C214A2029BEA65E00540AF6 /* MainViewController.swift in Sources */ = {isa = PBXBuildFile; fileRef = 6C214A1F29BEA65E00540AF6 /* MainViewController.swift */; };
		6C214A2529BEA65F00540AF6 /* Assets.xcassets in Resources */ = {isa = PBXBuildFile; fileRef = 6C214A2429BEA65F00540AF6 /* Assets.xcassets */; };
		6C214A2829BEA65F00540AF6 /* LaunchScreen.storyboard in Resources */ = {isa = PBXBuildFile; fileRef = 6C214A2629BEA65F00540AF6 /* LaunchScreen.storyboard */; };
		6C214A3629BEFBA400540AF6 /* MainCollectionViewCell.swift in Sources */ = {isa = PBXBuildFile; fileRef = 6C214A3529BEFBA400540AF6 /* MainCollectionViewCell.swift */; };
		6C214A3A29C28EEE00540AF6 /* MenuCell.swift in Sources */ = {isa = PBXBuildFile; fileRef = 6C214A3929C28EEE00540AF6 /* MenuCell.swift */; };
		6C214A4D29CD479200540AF6 /* StorageManager.swift in Sources */ = {isa = PBXBuildFile; fileRef = 6C214A4C29CD479200540AF6 /* StorageManager.swift */; };
		6C214A6029CEEB9000540AF6 /* TemporaryData.swift in Sources */ = {isa = PBXBuildFile; fileRef = 6C214A5F29CEEB9000540AF6 /* TemporaryData.swift */; };
		6C214A6729CFF4A000540AF6 /* TestViewController.swift in Sources */ = {isa = PBXBuildFile; fileRef = 6C214A6629CFF4A000540AF6 /* TestViewController.swift */; };
		6C214A6B29CFF8C700540AF6 /* CardsCollectionViewCell.swift in Sources */ = {isa = PBXBuildFile; fileRef = 6C214A6A29CFF8C700540AF6 /* CardsCollectionViewCell.swift */; };
		6C214A6F29D2669000540AF6 /* HeaderCollectionReusableView.swift in Sources */ = {isa = PBXBuildFile; fileRef = 6C214A6E29D2669000540AF6 /* HeaderCollectionReusableView.swift */; };
		6C214A7129D3807600540AF6 /* SwipeCardView.swift in Sources */ = {isa = PBXBuildFile; fileRef = 6C214A7029D3807600540AF6 /* SwipeCardView.swift */; };
		6C214A7729D51D2A00540AF6 /* StackContainerView.swift in Sources */ = {isa = PBXBuildFile; fileRef = 6C214A7629D51D2A00540AF6 /* StackContainerView.swift */; };
		6C214A7929D62CCF00540AF6 /* UITextField Ext.swift in Sources */ = {isa = PBXBuildFile; fileRef = 6C214A7829D62CCF00540AF6 /* UITextField Ext.swift */; };
		6C214A7B29D63B3900540AF6 /* WordLabel.swift in Sources */ = {isa = PBXBuildFile; fileRef = 6C214A7A29D63B3900540AF6 /* WordLabel.swift */; };
		6C214A8429DCB8FD00540AF6 /* NetworkManager.swift in Sources */ = {isa = PBXBuildFile; fileRef = 6C214A8329DCB8FD00540AF6 /* NetworkManager.swift */; };
		6C21E07929F2E37800625D62 /* UIColor.swift in Sources */ = {isa = PBXBuildFile; fileRef = 6C21E07829F2E37800625D62 /* UIColor.swift */; };
		6C21E07B29F2FBF100625D62 /* CircleView.swift in Sources */ = {isa = PBXBuildFile; fileRef = 6C21E07A29F2FBF100625D62 /* CircleView.swift */; };
		6C21E09F29F450E800625D62 /* WordRequest.swift in Sources */ = {isa = PBXBuildFile; fileRef = 6C21E09E29F450E800625D62 /* WordRequest.swift */; };
		6C2B976329E75DBC003092C2 /* MyWordViewController.swift in Sources */ = {isa = PBXBuildFile; fileRef = 6C2B976229E75DBC003092C2 /* MyWordViewController.swift */; };
		6C2B976629E773EB003092C2 /* DictWordModel.swift in Sources */ = {isa = PBXBuildFile; fileRef = 6C2B976529E773EB003092C2 /* DictWordModel.swift */; };
		6C2B976829E899D4003092C2 /* SearchTableViewController.swift in Sources */ = {isa = PBXBuildFile; fileRef = 6C2B976729E899D4003092C2 /* SearchTableViewController.swift */; };
		6C2B977429EEC961003092C2 /* CardView.swift in Sources */ = {isa = PBXBuildFile; fileRef = 6C2B977329EEC961003092C2 /* CardView.swift */; };
		6C2B977629EED2F9003092C2 /* TranslationLabel.swift in Sources */ = {isa = PBXBuildFile; fileRef = 6C2B977529EED2F9003092C2 /* TranslationLabel.swift */; };
		6C2B977829EED34D003092C2 /* UILabel Ext.swift in Sources */ = {isa = PBXBuildFile; fileRef = 6C2B977729EED34D003092C2 /* UILabel Ext.swift */; };
		6C2B977A29EED384003092C2 /* UIView Ext.swift in Sources */ = {isa = PBXBuildFile; fileRef = 6C2B977929EED384003092C2 /* UIView Ext.swift */; };
		6C2B977C29EEF57D003092C2 /* Builder.swift in Sources */ = {isa = PBXBuildFile; fileRef = 6C2B977B29EEF57D003092C2 /* Builder.swift */; };
		6C2B977E29EF1AA2003092C2 /* Router.swift in Sources */ = {isa = PBXBuildFile; fileRef = 6C2B977D29EF1AA2003092C2 /* Router.swift */; };
		6C2B978029EF1ABC003092C2 /* MyWordPresenter .swift in Sources */ = {isa = PBXBuildFile; fileRef = 6C2B977F29EF1ABC003092C2 /* MyWordPresenter .swift */; };
		6C2B978229EF1EFC003092C2 /* SearchPresenter.swift in Sources */ = {isa = PBXBuildFile; fileRef = 6C2B978129EF1EFC003092C2 /* SearchPresenter.swift */; };
		6C4D48A529E0654B00885F57 /* WordModel.xcdatamodeld in Sources */ = {isa = PBXBuildFile; fileRef = 6C4D48A329E0654B00885F57 /* WordModel.xcdatamodeld */; };
		6C4D48A929E58F1800885F57 /* MainPresenter.swift in Sources */ = {isa = PBXBuildFile; fileRef = 6C4D48A829E58F1800885F57 /* MainPresenter.swift */; };
		6C4D48AE29E58FCD00885F57 /* TestPresenter.swift in Sources */ = {isa = PBXBuildFile; fileRef = 6C4D48AD29E58FCD00885F57 /* TestPresenter.swift */; };
/* End PBXBuildFile section */

/* Begin PBXFileReference section */
		6C214A1829BEA65E00540AF6 /* Flashcards.app */ = {isa = PBXFileReference; explicitFileType = wrapper.application; includeInIndex = 0; path = Flashcards.app; sourceTree = BUILT_PRODUCTS_DIR; };
		6C214A1B29BEA65E00540AF6 /* AppDelegate.swift */ = {isa = PBXFileReference; lastKnownFileType = sourcecode.swift; path = AppDelegate.swift; sourceTree = "<group>"; };
		6C214A1D29BEA65E00540AF6 /* SceneDelegate.swift */ = {isa = PBXFileReference; lastKnownFileType = sourcecode.swift; path = SceneDelegate.swift; sourceTree = "<group>"; };
		6C214A1F29BEA65E00540AF6 /* MainViewController.swift */ = {isa = PBXFileReference; lastKnownFileType = sourcecode.swift; path = MainViewController.swift; sourceTree = "<group>"; };
		6C214A2429BEA65F00540AF6 /* Assets.xcassets */ = {isa = PBXFileReference; lastKnownFileType = folder.assetcatalog; path = Assets.xcassets; sourceTree = "<group>"; };
		6C214A2729BEA65F00540AF6 /* Base */ = {isa = PBXFileReference; lastKnownFileType = file.storyboard; name = Base; path = Base.lproj/LaunchScreen.storyboard; sourceTree = "<group>"; };
		6C214A2929BEA65F00540AF6 /* Info.plist */ = {isa = PBXFileReference; lastKnownFileType = text.plist.xml; path = Info.plist; sourceTree = "<group>"; };
		6C214A3529BEFBA400540AF6 /* MainCollectionViewCell.swift */ = {isa = PBXFileReference; lastKnownFileType = sourcecode.swift; path = MainCollectionViewCell.swift; sourceTree = "<group>"; };
		6C214A3929C28EEE00540AF6 /* MenuCell.swift */ = {isa = PBXFileReference; lastKnownFileType = sourcecode.swift; path = MenuCell.swift; sourceTree = "<group>"; };
		6C214A4C29CD479200540AF6 /* StorageManager.swift */ = {isa = PBXFileReference; lastKnownFileType = sourcecode.swift; path = StorageManager.swift; sourceTree = "<group>"; };
		6C214A5F29CEEB9000540AF6 /* TemporaryData.swift */ = {isa = PBXFileReference; lastKnownFileType = sourcecode.swift; path = TemporaryData.swift; sourceTree = "<group>"; };
		6C214A6629CFF4A000540AF6 /* TestViewController.swift */ = {isa = PBXFileReference; lastKnownFileType = sourcecode.swift; path = TestViewController.swift; sourceTree = "<group>"; };
		6C214A6A29CFF8C700540AF6 /* CardsCollectionViewCell.swift */ = {isa = PBXFileReference; lastKnownFileType = sourcecode.swift; path = CardsCollectionViewCell.swift; sourceTree = "<group>"; };
		6C214A6E29D2669000540AF6 /* HeaderCollectionReusableView.swift */ = {isa = PBXFileReference; lastKnownFileType = sourcecode.swift; path = HeaderCollectionReusableView.swift; sourceTree = "<group>"; };
		6C214A7029D3807600540AF6 /* SwipeCardView.swift */ = {isa = PBXFileReference; lastKnownFileType = sourcecode.swift; path = SwipeCardView.swift; sourceTree = "<group>"; };
		6C214A7629D51D2A00540AF6 /* StackContainerView.swift */ = {isa = PBXFileReference; lastKnownFileType = sourcecode.swift; path = StackContainerView.swift; sourceTree = "<group>"; };
		6C214A7829D62CCF00540AF6 /* UITextField Ext.swift */ = {isa = PBXFileReference; lastKnownFileType = sourcecode.swift; path = "UITextField Ext.swift"; sourceTree = "<group>"; };
		6C214A7A29D63B3900540AF6 /* WordLabel.swift */ = {isa = PBXFileReference; lastKnownFileType = sourcecode.swift; path = WordLabel.swift; sourceTree = "<group>"; };
		6C214A8329DCB8FD00540AF6 /* NetworkManager.swift */ = {isa = PBXFileReference; lastKnownFileType = sourcecode.swift; path = NetworkManager.swift; sourceTree = "<group>"; };
		6C21E07829F2E37800625D62 /* UIColor.swift */ = {isa = PBXFileReference; lastKnownFileType = sourcecode.swift; path = UIColor.swift; sourceTree = "<group>"; };
		6C21E07A29F2FBF100625D62 /* CircleView.swift */ = {isa = PBXFileReference; lastKnownFileType = sourcecode.swift; path = CircleView.swift; sourceTree = "<group>"; };
		6C21E09E29F450E800625D62 /* WordRequest.swift */ = {isa = PBXFileReference; lastKnownFileType = sourcecode.swift; path = WordRequest.swift; sourceTree = "<group>"; };
		6C2B976229E75DBC003092C2 /* MyWordViewController.swift */ = {isa = PBXFileReference; lastKnownFileType = sourcecode.swift; path = MyWordViewController.swift; sourceTree = "<group>"; };
		6C2B976529E773EB003092C2 /* DictWordModel.swift */ = {isa = PBXFileReference; lastKnownFileType = sourcecode.swift; path = DictWordModel.swift; sourceTree = "<group>"; };
		6C2B976729E899D4003092C2 /* SearchTableViewController.swift */ = {isa = PBXFileReference; lastKnownFileType = sourcecode.swift; path = SearchTableViewController.swift; sourceTree = "<group>"; };
		6C2B977329EEC961003092C2 /* CardView.swift */ = {isa = PBXFileReference; lastKnownFileType = sourcecode.swift; path = CardView.swift; sourceTree = "<group>"; };
		6C2B977529EED2F9003092C2 /* TranslationLabel.swift */ = {isa = PBXFileReference; lastKnownFileType = sourcecode.swift; path = TranslationLabel.swift; sourceTree = "<group>"; };
		6C2B977729EED34D003092C2 /* UILabel Ext.swift */ = {isa = PBXFileReference; lastKnownFileType = sourcecode.swift; path = "UILabel Ext.swift"; sourceTree = "<group>"; };
		6C2B977929EED384003092C2 /* UIView Ext.swift */ = {isa = PBXFileReference; lastKnownFileType = sourcecode.swift; path = "UIView Ext.swift"; sourceTree = "<group>"; };
		6C2B977B29EEF57D003092C2 /* Builder.swift */ = {isa = PBXFileReference; lastKnownFileType = sourcecode.swift; path = Builder.swift; sourceTree = "<group>"; };
		6C2B977D29EF1AA2003092C2 /* Router.swift */ = {isa = PBXFileReference; lastKnownFileType = sourcecode.swift; path = Router.swift; sourceTree = "<group>"; };
		6C2B977F29EF1ABC003092C2 /* MyWordPresenter .swift */ = {isa = PBXFileReference; lastKnownFileType = sourcecode.swift; path = "MyWordPresenter .swift"; sourceTree = "<group>"; };
		6C2B978129EF1EFC003092C2 /* SearchPresenter.swift */ = {isa = PBXFileReference; lastKnownFileType = sourcecode.swift; path = SearchPresenter.swift; sourceTree = "<group>"; };
		6C4D48A429E0654B00885F57 /* WordModel.xcdatamodel */ = {isa = PBXFileReference; lastKnownFileType = wrapper.xcdatamodel; path = WordModel.xcdatamodel; sourceTree = "<group>"; };
		6C4D48A829E58F1800885F57 /* MainPresenter.swift */ = {isa = PBXFileReference; lastKnownFileType = sourcecode.swift; path = MainPresenter.swift; sourceTree = "<group>"; };
		6C4D48AD29E58FCD00885F57 /* TestPresenter.swift */ = {isa = PBXFileReference; lastKnownFileType = sourcecode.swift; path = TestPresenter.swift; sourceTree = "<group>"; };
/* End PBXFileReference section */

/* Begin PBXFrameworksBuildPhase section */
		6C214A1529BEA65E00540AF6 /* Frameworks */ = {
			isa = PBXFrameworksBuildPhase;
			buildActionMask = 2147483647;
			files = (
			);
			runOnlyForDeploymentPostprocessing = 0;
		};
/* End PBXFrameworksBuildPhase section */

/* Begin PBXGroup section */
		6C214A0F29BEA65E00540AF6 = {
			isa = PBXGroup;
			children = (
				6C214A1A29BEA65E00540AF6 /* Flashcards */,
				6C214A5F29CEEB9000540AF6 /* TemporaryData.swift */,
				6C214A1929BEA65E00540AF6 /* Products */,
			);
			sourceTree = "<group>";
		};
		6C214A1929BEA65E00540AF6 /* Products */ = {
			isa = PBXGroup;
			children = (
				6C214A1829BEA65E00540AF6 /* Flashcards.app */,
			);
			name = Products;
			sourceTree = "<group>";
		};
		6C214A1A29BEA65E00540AF6 /* Flashcards */ = {
			isa = PBXGroup;
			children = (
				6C214A6D29D13D6A00540AF6 /* App */,
				6C2B978529EFF2B6003092C2 /* Routing */,
				6C214A6C29D13D4F00540AF6 /* Models */,
				6C214A5E29CEE81400540AF6 /* Services */,
				6C4D48AA29E58F2400885F57 /* Modules */,
				6C214A4729C6905100540AF6 /* Cells */,
				6C214A4829C6906200540AF6 /* UIElements */,
				6C214A7C29D63BBF00540AF6 /* Extensions */,
			);
			path = Flashcards;
			sourceTree = "<group>";
		};
		6C214A4729C6905100540AF6 /* Cells */ = {
			isa = PBXGroup;
			children = (
				6C214A3929C28EEE00540AF6 /* MenuCell.swift */,
				6C214A6A29CFF8C700540AF6 /* CardsCollectionViewCell.swift */,
				6C214A3529BEFBA400540AF6 /* MainCollectionViewCell.swift */,
			);
			path = Cells;
			sourceTree = "<group>";
		};
		6C214A4829C6906200540AF6 /* UIElements */ = {
			isa = PBXGroup;
			children = (
				6C2B977329EEC961003092C2 /* CardView.swift */,
				6C21E07A29F2FBF100625D62 /* CircleView.swift */,
				6C214A7A29D63B3900540AF6 /* WordLabel.swift */,
				6C2B977529EED2F9003092C2 /* TranslationLabel.swift */,
				6C214A6E29D2669000540AF6 /* HeaderCollectionReusableView.swift */,
			);
			path = UIElements;
			sourceTree = "<group>";
		};
		6C214A5E29CEE81400540AF6 /* Services */ = {
			isa = PBXGroup;
			children = (
				6C214A4C29CD479200540AF6 /* StorageManager.swift */,
				6C214A8329DCB8FD00540AF6 /* NetworkManager.swift */,
				6C21E09E29F450E800625D62 /* WordRequest.swift */,
			);
			path = Services;
			sourceTree = "<group>";
		};
		6C214A6C29D13D4F00540AF6 /* Models */ = {
			isa = PBXGroup;
			children = (
				6C2B976529E773EB003092C2 /* DictWordModel.swift */,
				6C4D48A329E0654B00885F57 /* WordModel.xcdatamodeld */,
			);
			path = Models;
			sourceTree = "<group>";
		};
		6C214A6D29D13D6A00540AF6 /* App */ = {
			isa = PBXGroup;
			children = (
				6C214A2929BEA65F00540AF6 /* Info.plist */,
				6C214A1B29BEA65E00540AF6 /* AppDelegate.swift */,
				6C214A1D29BEA65E00540AF6 /* SceneDelegate.swift */,
				6C214A2429BEA65F00540AF6 /* Assets.xcassets */,
				6C214A2629BEA65F00540AF6 /* LaunchScreen.storyboard */,
			);
			path = App;
			sourceTree = "<group>";
		};
		6C214A7C29D63BBF00540AF6 /* Extensions */ = {
			isa = PBXGroup;
			children = (
				6C214A7829D62CCF00540AF6 /* UITextField Ext.swift */,
				6C2B977929EED384003092C2 /* UIView Ext.swift */,
				6C2B977729EED34D003092C2 /* UILabel Ext.swift */,
				6C21E07829F2E37800625D62 /* UIColor.swift */,
			);
			path = Extensions;
			sourceTree = "<group>";
		};
		6C2B976429E75DC6003092C2 /* MyWordsModule */ = {
			isa = PBXGroup;
			children = (
				6C2B976229E75DBC003092C2 /* MyWordViewController.swift */,
				6C2B977F29EF1ABC003092C2 /* MyWordPresenter .swift */,
			);
			path = MyWordsModule;
			sourceTree = "<group>";
		};
		6C2B976B29EB0D92003092C2 /* SearchModule */ = {
			isa = PBXGroup;
			children = (
				6C2B976729E899D4003092C2 /* SearchTableViewController.swift */,
				6C2B978129EF1EFC003092C2 /* SearchPresenter.swift */,
			);
			path = SearchModule;
			sourceTree = "<group>";
		};
		6C2B978529EFF2B6003092C2 /* Routing */ = {
			isa = PBXGroup;
			children = (
				6C2B977B29EEF57D003092C2 /* Builder.swift */,
				6C2B977D29EF1AA2003092C2 /* Router.swift */,
			);
			path = Routing;
			sourceTree = "<group>";
		};
		6C4D48AA29E58F2400885F57 /* Modules */ = {
			isa = PBXGroup;
			children = (
				6C4D48AB29E58F4700885F57 /* MainModule */,
				6C2B976429E75DC6003092C2 /* MyWordsModule */,
				6C2B976B29EB0D92003092C2 /* SearchModule */,
				6C4D48AC29E58FA600885F57 /* TestModule */,
			);
			name = Modules;
			path = ..;
			sourceTree = "<group>";
		};
		6C4D48AB29E58F4700885F57 /* MainModule */ = {
			isa = PBXGroup;
			children = (
				6C214A1F29BEA65E00540AF6 /* MainViewController.swift */,
				6C4D48A829E58F1800885F57 /* MainPresenter.swift */,
			);
			path = MainModule;
			sourceTree = "<group>";
		};
		6C4D48AC29E58FA600885F57 /* TestModule */ = {
			isa = PBXGroup;
			children = (
				6C214A6629CFF4A000540AF6 /* TestViewController.swift */,
				6C4D48AD29E58FCD00885F57 /* TestPresenter.swift */,
				6C214A7629D51D2A00540AF6 /* StackContainerView.swift */,
				6C214A7029D3807600540AF6 /* SwipeCardView.swift */,
			);
			path = TestModule;
			sourceTree = "<group>";
		};
/* End PBXGroup section */

/* Begin PBXNativeTarget section */
		6C214A1729BEA65E00540AF6 /* Flashcards */ = {
			isa = PBXNativeTarget;
			buildConfigurationList = 6C214A2C29BEA65F00540AF6 /* Build configuration list for PBXNativeTarget "Flashcards" */;
			buildPhases = (
				6C214A1429BEA65E00540AF6 /* Sources */,
				6C214A1529BEA65E00540AF6 /* Frameworks */,
				6C214A1629BEA65E00540AF6 /* Resources */,
			);
			buildRules = (
			);
			dependencies = (
			);
			name = Flashcards;
			productName = Flashcards;
			productReference = 6C214A1829BEA65E00540AF6 /* Flashcards.app */;
			productType = "com.apple.product-type.application";
		};
/* End PBXNativeTarget section */

/* Begin PBXProject section */
		6C214A1029BEA65E00540AF6 /* Project object */ = {
			isa = PBXProject;
			attributes = {
				BuildIndependentTargetsInParallel = 1;
				LastSwiftUpdateCheck = 1420;
				LastUpgradeCheck = 1420;
				TargetAttributes = {
					6C214A1729BEA65E00540AF6 = {
						CreatedOnToolsVersion = 14.2;
					};
				};
			};
			buildConfigurationList = 6C214A1329BEA65E00540AF6 /* Build configuration list for PBXProject "Flashcards" */;
			compatibilityVersion = "Xcode 14.0";
			developmentRegion = en;
			hasScannedForEncodings = 0;
			knownRegions = (
				en,
				Base,
			);
			mainGroup = 6C214A0F29BEA65E00540AF6;
			productRefGroup = 6C214A1929BEA65E00540AF6 /* Products */;
			projectDirPath = "";
			projectRoot = "";
			targets = (
				6C214A1729BEA65E00540AF6 /* Flashcards */,
			);
		};
/* End PBXProject section */

/* Begin PBXResourcesBuildPhase section */
		6C214A1629BEA65E00540AF6 /* Resources */ = {
			isa = PBXResourcesBuildPhase;
			buildActionMask = 2147483647;
			files = (
				6C214A2829BEA65F00540AF6 /* LaunchScreen.storyboard in Resources */,
				6C214A2529BEA65F00540AF6 /* Assets.xcassets in Resources */,
			);
			runOnlyForDeploymentPostprocessing = 0;
		};
/* End PBXResourcesBuildPhase section */

/* Begin PBXSourcesBuildPhase section */
		6C214A1429BEA65E00540AF6 /* Sources */ = {
			isa = PBXSourcesBuildPhase;
			buildActionMask = 2147483647;
			files = (
				6C214A8429DCB8FD00540AF6 /* NetworkManager.swift in Sources */,
				6C4D48A929E58F1800885F57 /* MainPresenter.swift in Sources */,
				6C2B978229EF1EFC003092C2 /* SearchPresenter.swift in Sources */,
				6C2B976829E899D4003092C2 /* SearchTableViewController.swift in Sources */,
				6C214A3A29C28EEE00540AF6 /* MenuCell.swift in Sources */,
				6C21E07929F2E37800625D62 /* UIColor.swift in Sources */,
				6C21E07B29F2FBF100625D62 /* CircleView.swift in Sources */,
				6C214A7B29D63B3900540AF6 /* WordLabel.swift in Sources */,
				6C214A6029CEEB9000540AF6 /* TemporaryData.swift in Sources */,
				6C214A2029BEA65E00540AF6 /* MainViewController.swift in Sources */,
				6C4D48A529E0654B00885F57 /* WordModel.xcdatamodeld in Sources */,
				6C2B977A29EED384003092C2 /* UIView Ext.swift in Sources */,
				6C214A1C29BEA65E00540AF6 /* AppDelegate.swift in Sources */,
				6C214A6F29D2669000540AF6 /* HeaderCollectionReusableView.swift in Sources */,
				6C214A3629BEFBA400540AF6 /* MainCollectionViewCell.swift in Sources */,
				6C2B976629E773EB003092C2 /* DictWordModel.swift in Sources */,
				6C2B978029EF1ABC003092C2 /* MyWordPresenter .swift in Sources */,
				6C21E09F29F450E800625D62 /* WordRequest.swift in Sources */,
				6C2B977429EEC961003092C2 /* CardView.swift in Sources */,
				6C2B976329E75DBC003092C2 /* MyWordViewController.swift in Sources */,
				6C2B977C29EEF57D003092C2 /* Builder.swift in Sources */,
				6C2B977629EED2F9003092C2 /* TranslationLabel.swift in Sources */,
				6C214A1E29BEA65E00540AF6 /* SceneDelegate.swift in Sources */,
				6C214A6729CFF4A000540AF6 /* TestViewController.swift in Sources */,
				6C214A6B29CFF8C700540AF6 /* CardsCollectionViewCell.swift in Sources */,
				6C214A7129D3807600540AF6 /* SwipeCardView.swift in Sources */,
				6C2B977829EED34D003092C2 /* UILabel Ext.swift in Sources */,
				6C4D48AE29E58FCD00885F57 /* TestPresenter.swift in Sources */,
				6C2B977E29EF1AA2003092C2 /* Router.swift in Sources */,
				6C214A7929D62CCF00540AF6 /* UITextField Ext.swift in Sources */,
				6C214A7729D51D2A00540AF6 /* StackContainerView.swift in Sources */,
				6C214A4D29CD479200540AF6 /* StorageManager.swift in Sources */,
			);
			runOnlyForDeploymentPostprocessing = 0;
		};
/* End PBXSourcesBuildPhase section */

/* Begin PBXVariantGroup section */
		6C214A2629BEA65F00540AF6 /* LaunchScreen.storyboard */ = {
			isa = PBXVariantGroup;
			children = (
				6C214A2729BEA65F00540AF6 /* Base */,
			);
			name = LaunchScreen.storyboard;
			sourceTree = "<group>";
		};
/* End PBXVariantGroup section */

/* Begin XCBuildConfiguration section */
		6C214A2A29BEA65F00540AF6 /* Debug */ = {
			isa = XCBuildConfiguration;
			buildSettings = {
				ALWAYS_SEARCH_USER_PATHS = NO;
				CLANG_ANALYZER_NONNULL = YES;
				CLANG_ANALYZER_NUMBER_OBJECT_CONVERSION = YES_AGGRESSIVE;
				CLANG_CXX_LANGUAGE_STANDARD = "gnu++20";
				CLANG_ENABLE_MODULES = YES;
				CLANG_ENABLE_OBJC_ARC = YES;
				CLANG_ENABLE_OBJC_WEAK = YES;
				CLANG_WARN_BLOCK_CAPTURE_AUTORELEASING = YES;
				CLANG_WARN_BOOL_CONVERSION = YES;
				CLANG_WARN_COMMA = YES;
				CLANG_WARN_CONSTANT_CONVERSION = YES;
				CLANG_WARN_DEPRECATED_OBJC_IMPLEMENTATIONS = YES;
				CLANG_WARN_DIRECT_OBJC_ISA_USAGE = YES_ERROR;
				CLANG_WARN_DOCUMENTATION_COMMENTS = YES;
				CLANG_WARN_EMPTY_BODY = YES;
				CLANG_WARN_ENUM_CONVERSION = YES;
				CLANG_WARN_INFINITE_RECURSION = YES;
				CLANG_WARN_INT_CONVERSION = YES;
				CLANG_WARN_NON_LITERAL_NULL_CONVERSION = YES;
				CLANG_WARN_OBJC_IMPLICIT_RETAIN_SELF = YES;
				CLANG_WARN_OBJC_LITERAL_CONVERSION = YES;
				CLANG_WARN_OBJC_ROOT_CLASS = YES_ERROR;
				CLANG_WARN_QUOTED_INCLUDE_IN_FRAMEWORK_HEADER = YES;
				CLANG_WARN_RANGE_LOOP_ANALYSIS = YES;
				CLANG_WARN_STRICT_PROTOTYPES = YES;
				CLANG_WARN_SUSPICIOUS_MOVE = YES;
				CLANG_WARN_UNGUARDED_AVAILABILITY = YES_AGGRESSIVE;
				CLANG_WARN_UNREACHABLE_CODE = YES;
				CLANG_WARN__DUPLICATE_METHOD_MATCH = YES;
				COPY_PHASE_STRIP = NO;
				DEBUG_INFORMATION_FORMAT = dwarf;
				ENABLE_STRICT_OBJC_MSGSEND = YES;
				ENABLE_TESTABILITY = YES;
				GCC_C_LANGUAGE_STANDARD = gnu11;
				GCC_DYNAMIC_NO_PIC = NO;
				GCC_NO_COMMON_BLOCKS = YES;
				GCC_OPTIMIZATION_LEVEL = 0;
				GCC_PREPROCESSOR_DEFINITIONS = (
					"DEBUG=1",
					"$(inherited)",
				);
				GCC_WARN_64_TO_32_BIT_CONVERSION = YES;
				GCC_WARN_ABOUT_RETURN_TYPE = YES_ERROR;
				GCC_WARN_UNDECLARED_SELECTOR = YES;
				GCC_WARN_UNINITIALIZED_AUTOS = YES_AGGRESSIVE;
				GCC_WARN_UNUSED_FUNCTION = YES;
				GCC_WARN_UNUSED_VARIABLE = YES;
				IPHONEOS_DEPLOYMENT_TARGET = 14.0;
				MTL_ENABLE_DEBUG_INFO = INCLUDE_SOURCE;
				MTL_FAST_MATH = YES;
				ONLY_ACTIVE_ARCH = YES;
				SDKROOT = iphoneos;
				SWIFT_ACTIVE_COMPILATION_CONDITIONS = DEBUG;
				SWIFT_OPTIMIZATION_LEVEL = "-Onone";
			};
			name = Debug;
		};
		6C214A2B29BEA65F00540AF6 /* Release */ = {
			isa = XCBuildConfiguration;
			buildSettings = {
				ALWAYS_SEARCH_USER_PATHS = NO;
				CLANG_ANALYZER_NONNULL = YES;
				CLANG_ANALYZER_NUMBER_OBJECT_CONVERSION = YES_AGGRESSIVE;
				CLANG_CXX_LANGUAGE_STANDARD = "gnu++20";
				CLANG_ENABLE_MODULES = YES;
				CLANG_ENABLE_OBJC_ARC = YES;
				CLANG_ENABLE_OBJC_WEAK = YES;
				CLANG_WARN_BLOCK_CAPTURE_AUTORELEASING = YES;
				CLANG_WARN_BOOL_CONVERSION = YES;
				CLANG_WARN_COMMA = YES;
				CLANG_WARN_CONSTANT_CONVERSION = YES;
				CLANG_WARN_DEPRECATED_OBJC_IMPLEMENTATIONS = YES;
				CLANG_WARN_DIRECT_OBJC_ISA_USAGE = YES_ERROR;
				CLANG_WARN_DOCUMENTATION_COMMENTS = YES;
				CLANG_WARN_EMPTY_BODY = YES;
				CLANG_WARN_ENUM_CONVERSION = YES;
				CLANG_WARN_INFINITE_RECURSION = YES;
				CLANG_WARN_INT_CONVERSION = YES;
				CLANG_WARN_NON_LITERAL_NULL_CONVERSION = YES;
				CLANG_WARN_OBJC_IMPLICIT_RETAIN_SELF = YES;
				CLANG_WARN_OBJC_LITERAL_CONVERSION = YES;
				CLANG_WARN_OBJC_ROOT_CLASS = YES_ERROR;
				CLANG_WARN_QUOTED_INCLUDE_IN_FRAMEWORK_HEADER = YES;
				CLANG_WARN_RANGE_LOOP_ANALYSIS = YES;
				CLANG_WARN_STRICT_PROTOTYPES = YES;
				CLANG_WARN_SUSPICIOUS_MOVE = YES;
				CLANG_WARN_UNGUARDED_AVAILABILITY = YES_AGGRESSIVE;
				CLANG_WARN_UNREACHABLE_CODE = YES;
				CLANG_WARN__DUPLICATE_METHOD_MATCH = YES;
				COPY_PHASE_STRIP = NO;
				DEBUG_INFORMATION_FORMAT = "dwarf-with-dsym";
				ENABLE_NS_ASSERTIONS = NO;
				ENABLE_STRICT_OBJC_MSGSEND = YES;
				GCC_C_LANGUAGE_STANDARD = gnu11;
				GCC_NO_COMMON_BLOCKS = YES;
				GCC_WARN_64_TO_32_BIT_CONVERSION = YES;
				GCC_WARN_ABOUT_RETURN_TYPE = YES_ERROR;
				GCC_WARN_UNDECLARED_SELECTOR = YES;
				GCC_WARN_UNINITIALIZED_AUTOS = YES_AGGRESSIVE;
				GCC_WARN_UNUSED_FUNCTION = YES;
				GCC_WARN_UNUSED_VARIABLE = YES;
				IPHONEOS_DEPLOYMENT_TARGET = 14.0;
				MTL_ENABLE_DEBUG_INFO = NO;
				MTL_FAST_MATH = YES;
				SDKROOT = iphoneos;
				SWIFT_COMPILATION_MODE = wholemodule;
				SWIFT_OPTIMIZATION_LEVEL = "-O";
				VALIDATE_PRODUCT = YES;
			};
			name = Release;
		};
		6C214A2D29BEA65F00540AF6 /* Debug */ = {
			isa = XCBuildConfiguration;
			buildSettings = {
				ASSETCATALOG_COMPILER_APPICON_NAME = AppIcon;
				ASSETCATALOG_COMPILER_GLOBAL_ACCENT_COLOR_NAME = AccentColor;
				CODE_SIGN_STYLE = Automatic;
				CURRENT_PROJECT_VERSION = 1;
				DEVELOPMENT_TEAM = BQN7HSD4QV;
				GENERATE_INFOPLIST_FILE = YES;
				INFOPLIST_FILE = Flashcards/App/Info.plist;
				INFOPLIST_KEY_UIApplicationSupportsIndirectInputEvents = YES;
				INFOPLIST_KEY_UILaunchStoryboardName = LaunchScreen;
				INFOPLIST_KEY_UISupportedInterfaceOrientations = UIInterfaceOrientationPortrait;
				IPHONEOS_DEPLOYMENT_TARGET = 14.0;
				LD_RUNPATH_SEARCH_PATHS = (
					"$(inherited)",
					"@executable_path/Frameworks",
				);
				MARKETING_VERSION = 1.0;
				PRODUCT_BUNDLE_IDENTIFIER = com.rafiasafina.Flashcards;
				PRODUCT_NAME = "$(TARGET_NAME)";
				SUPPORTED_PLATFORMS = "iphoneos iphonesimulator";
				SUPPORTS_MACCATALYST = NO;
				SUPPORTS_MAC_DESIGNED_FOR_IPHONE_IPAD = NO;
				SWIFT_EMIT_LOC_STRINGS = YES;
				SWIFT_VERSION = 5.0;
				TARGETED_DEVICE_FAMILY = 1;
			};
			name = Debug;
		};
		6C214A2E29BEA65F00540AF6 /* Release */ = {
			isa = XCBuildConfiguration;
			buildSettings = {
				ASSETCATALOG_COMPILER_APPICON_NAME = AppIcon;
				ASSETCATALOG_COMPILER_GLOBAL_ACCENT_COLOR_NAME = AccentColor;
				CODE_SIGN_STYLE = Automatic;
				CURRENT_PROJECT_VERSION = 1;
				DEVELOPMENT_TEAM = BQN7HSD4QV;
				GENERATE_INFOPLIST_FILE = YES;
				INFOPLIST_FILE = Flashcards/App/Info.plist;
				INFOPLIST_KEY_UIApplicationSupportsIndirectInputEvents = YES;
				INFOPLIST_KEY_UILaunchStoryboardName = LaunchScreen;
				INFOPLIST_KEY_UISupportedInterfaceOrientations = UIInterfaceOrientationPortrait;
				IPHONEOS_DEPLOYMENT_TARGET = 14.0;
				LD_RUNPATH_SEARCH_PATHS = (
					"$(inherited)",
					"@executable_path/Frameworks",
				);
				MARKETING_VERSION = 1.0;
				PRODUCT_BUNDLE_IDENTIFIER = com.rafiasafina.Flashcards;
				PRODUCT_NAME = "$(TARGET_NAME)";
				SUPPORTED_PLATFORMS = "iphoneos iphonesimulator";
				SUPPORTS_MACCATALYST = NO;
				SUPPORTS_MAC_DESIGNED_FOR_IPHONE_IPAD = NO;
				SWIFT_EMIT_LOC_STRINGS = YES;
				SWIFT_VERSION = 5.0;
				TARGETED_DEVICE_FAMILY = 1;
			};
			name = Release;
		};
/* End XCBuildConfiguration section */

/* Begin XCConfigurationList section */
		6C214A1329BEA65E00540AF6 /* Build configuration list for PBXProject "Flashcards" */ = {
			isa = XCConfigurationList;
			buildConfigurations = (
				6C214A2A29BEA65F00540AF6 /* Debug */,
				6C214A2B29BEA65F00540AF6 /* Release */,
			);
			defaultConfigurationIsVisible = 0;
			defaultConfigurationName = Release;
		};
		6C214A2C29BEA65F00540AF6 /* Build configuration list for PBXNativeTarget "Flashcards" */ = {
			isa = XCConfigurationList;
			buildConfigurations = (
				6C214A2D29BEA65F00540AF6 /* Debug */,
				6C214A2E29BEA65F00540AF6 /* Release */,
			);
			defaultConfigurationIsVisible = 0;
			defaultConfigurationName = Release;
		};
/* End XCConfigurationList section */

/* Begin XCVersionGroup section */
		6C4D48A329E0654B00885F57 /* WordModel.xcdatamodeld */ = {
			isa = XCVersionGroup;
			children = (
				6C4D48A429E0654B00885F57 /* WordModel.xcdatamodel */,
			);
			currentVersion = 6C4D48A429E0654B00885F57 /* WordModel.xcdatamodel */;
			path = WordModel.xcdatamodeld;
			sourceTree = "<group>";
			versionGroupType = wrapper.xcdatamodel;
		};
/* End XCVersionGroup section */
	};
	rootObject = 6C214A1029BEA65E00540AF6 /* Project object */;
}
